{
  "name": "memento-session",
  "version": "0.2.5",
  "lockfileVersion": 3,
  "requires": true,
  "packages": {
    "": {
      "name": "memento-session",
      "version": "0.2.5",
      "license": "MIT",
      "dependencies": {
        "chalk": "^5.4.1",
        "commander": "^13.1.0",
        "memento": "^0.0.8"
      },
      "bin": {
        "memento": "dist/cli.js"
      },
      "devDependencies": {
        "@types/node": "^22.15.3",
        "tsx": "^4.19.4",
        "typescript": "^5.8.3"
      },
      "engines": {
        "node": ">=18.0.0"
      }
    },
    "node_modules/@esbuild/aix-ppc64": {
      "version": "0.27.7",
      "resolved": "https://registry.npmjs.org/@esbuild/aix-ppc64/-/aix-ppc64-0.27.7.tgz",
      "integrity": "sha512-EKX3Qwmhz1eMdEJokhALr0YiD0lhQNwDqkPYyPhiSwKrh7/4KRjQc04sZ8db+5DVVnZ1LmbNDI1uAMPEUBnQPg==",
      "cpu": [
        "ppc64"
      ],
      "dev": true,
      "license": "MIT",
      "optional": true,
      "os": [
        "aix"
      ],
      "engines": {
        "node": ">=18"
      }
    },
    "node_modules/@esbuild/android-arm": {
      "version": "0.27.7",
      "resolved": "https://registry.npmjs.org/@esbuild/android-arm/-/android-arm-0.27.7.tgz",
      "integrity": "sha512-jbPXvB4Yj2yBV7HUfE2KHe4GJX51QplCN1pGbYjvsyCZbQmies29EoJbkEc+vYuU5o45AfQn37vZlyXy4YJ8RQ==",
      "cpu": [
        "arm"
      ],
      "dev": true,
      "license": "MIT",
      "optional": true,
      "os": [
        "android"
      ],
      "engines": {
        "node": ">=18"
      }
    },
    "node_modules/@esbuild/android-arm64": {
      "version": "0.27.7",
      "resolved": "https://registry.npmjs.org/@esbuild/android-arm64/-/android-arm64-0.27.7.tgz",
      "integrity": "sha512-62dPZHpIXzvChfvfLJow3q5dDtiNMkwiRzPylSCfriLvZeq0a1bWChrGx/BbUbPwOrsWKMn8idSllklzBy+dgQ==",
      "cpu": [
        "arm64"
      ],
      "dev": true,
      "license": "MIT",
      "optional": true,
      "os": [
        "android"
      ],
      "engines": {
        "node": ">=18"
      }
    },
    "node_modules/@esbuild/android-x64": {
      "version": "0.27.7",
      "resolved": "https://registry.npmjs.org/@esbuild/android-x64/-/android-x64-0.27.7.tgz",
      "integrity": "sha512-x5VpMODneVDb70PYV2VQOmIUUiBtY3D3mPBG8NxVk5CogneYhkR7MmM3yR/uMdITLrC1ml/NV1rj4bMJuy9MCg==",
      "cpu": [
        "x64"
      ],
      "dev": true,
      "license": "MIT",
      "optional": true,
      "os": [
        "android"
      ],
      "engines": {
        "node": ">=18"
      }
    },
    "node_modules/@esbuild/darwin-arm64": {
      "version": "0.27.7",
      "resolved": "https://registry.npmjs.org/@esbuild/darwin-arm64/-/darwin-arm64-0.27.7.tgz",
      "integrity": "sha512-5lckdqeuBPlKUwvoCXIgI2D9/ABmPq3Rdp7IfL70393YgaASt7tbju3Ac+ePVi3KDH6N2RqePfHnXkaDtY9fkw==",
      "cpu": [
        "arm64"
      ],
      "dev": true,
      "license": "MIT",
      "optional": true,
      "os": [
        "darwin"
      ],
      "engines": {
        "node": ">=18"
      }
    },
    "node_modules/@esbuild/darwin-x64": {
      "version": "0.27.7",
      "resolved": "https://registry.npmjs.org/@esbuild/darwin-x64/-/darwin-x64-0.27.7.tgz",
      "integrity": "sha512-rYnXrKcXuT7Z+WL5K980jVFdvVKhCHhUwid+dDYQpH+qu+TefcomiMAJpIiC2EM3Rjtq0sO3StMV/+3w3MyyqQ==",
      "cpu": [
        "x64"
      ],
      "dev": true,
      "license": "MIT",
      "optional": true,
      "os": [
        "darwin"
      ],
      "engines": {
        "node": ">=18"
      }
    },
    "node_modules/@esbuild/freebsd-arm64": {
      "version": "0.27.7",
      "resolved": "https://registry.npmjs.org/@esbuild/freebsd-arm64/-/freebsd-arm64-0.27.7.tgz",
      "integrity": "sha512-B48PqeCsEgOtzME2GbNM2roU29AMTuOIN91dsMO30t+Ydis3z/3Ngoj5hhnsOSSwNzS+6JppqWsuhTp6E82l2w==",
      "cpu": [
        "arm64"
      ],
      "dev": true,
      "license": "MIT",
      "optional": true,
      "os": [
        "freebsd"
      ],
      "engines": {
        "node": ">=18"
      }
    },
    "node_modules/@esbuild/freebsd-x64": {
      "version": "0.27.7",
      "resolved": "https://registry.npmjs.org/@esbuild/freebsd-x64/-/freebsd-x64-0.27.7.tgz",
      "integrity": "sha512-jOBDK5XEjA4m5IJK3bpAQF9/Lelu/Z9ZcdhTRLf4cajlB+8VEhFFRjWgfy3M1O4rO2GQ/b2dLwCUGpiF/eATNQ==",
      "cpu": [
        "x64"
      ],
      "dev": true,
      "license": "MIT",
      "optional": true,
      "os": [
        "freebsd"
      ],
      "engines": {
        "node": ">=18"
      }
    },
    "node_modules/@esbuild/linux-arm": {
      "version": "0.27.7",
      "resolved": "https://registry.npmjs.org/@esbuild/linux-arm/-/linux-arm-0.27.7.tgz",
      "integrity": "sha512-RkT/YXYBTSULo3+af8Ib0ykH8u2MBh57o7q/DAs3lTJlyVQkgQvlrPTnjIzzRPQyavxtPtfg0EopvDyIt0j1rA==",
      "cpu": [
        "arm"
      ],
      "dev": true,
      "license": "MIT",
      "optional": true,
      "os": [
        "linux"
      ],
      "engines": {
        "node": ">=18"
      }
    },
    "node_modules/@esbuild/linux-arm64": {
      "version": "0.27.7",
      "resolved": "https://registry.npmjs.org/@esbuild/linux-arm64/-/linux-arm64-0.27.7.tgz",
      "integrity": "sha512-RZPHBoxXuNnPQO9rvjh5jdkRmVizktkT7TCDkDmQ0W2SwHInKCAV95GRuvdSvA7w4VMwfCjUiPwDi0ZO6Nfe9A==",
      "cpu": [
        "arm64"
      ],
      "dev": true,
      "license": "MIT",
      "optional": true,
      "os": [
        "linux"
      ],
      "engines": {
        "node": ">=18"
      }
    },
    "node_modules/@esbuild/linux-ia32": {
      "version": "0.27.7",
      "resolved": "https://registry.npmjs.org/@esbuild/linux-ia32/-/linux-ia32-0.27.7.tgz",
      "integrity": "sha512-GA48aKNkyQDbd3KtkplYWT102C5sn/EZTY4XROkxONgruHPU72l+gW+FfF8tf2cFjeHaRbWpOYa/uRBz/Xq1Pg==",
      "cpu": [
        "ia32"
      ],
      "dev": true,
      "license": "MIT",
      "optional": true,
      "os": [
        "linux"
      ],
      "engines": {
        "node": ">=18"
      }
    },
    "node_modules/@esbuild/linux-loong64": {
      "version": "0.27.7",
      "resolved": "https://registry.npmjs.org/@esbuild/linux-loong64/-/linux-loong64-0.27.7.tgz",
      "integrity": "sha512-a4POruNM2oWsD4WKvBSEKGIiWQF8fZOAsycHOt6JBpZ+JN2n2JH9WAv56SOyu9X5IqAjqSIPTaJkqN8F7XOQ5Q==",
      "cpu": [
        "loong64"
      ],
      "dev": true,
      "license": "MIT",
      "optional": true,
      "os": [
        "linux"
      ],
      "engines": {
        "node": ">=18"
      }
    },
    "node_modules/@esbuild/linux-mips64el": {
      "version": "0.27.7",
      "resolved": "https://registry.npmjs.org/@esbuild/linux-mips64el/-/linux-mips64el-0.27.7.tgz",
      "integrity": "sha512-KabT5I6StirGfIz0FMgl1I+R1H73Gp0ofL9A3nG3i/cYFJzKHhouBV5VWK1CSgKvVaG4q1RNpCTR2LuTVB3fIw==",
      "cpu": [
        "mips64el"
      ],
      "dev": true,
      "license": "MIT",
      "optional": true,
      "os": [
        "linux"
      ],
      "engines": {
        "node": ">=18"
      }
    },
    "node_modules/@esbuild/linux-ppc64": {
      "version": "0.27.7",
      "resolved": "https://registry.npmjs.org/@esbuild/linux-ppc64/-/linux-ppc64-0.27.7.tgz",
      "integrity": "sha512-gRsL4x6wsGHGRqhtI+ifpN/vpOFTQtnbsupUF5R5YTAg+y/lKelYR1hXbnBdzDjGbMYjVJLJTd2OFmMewAgwlQ==",
      "cpu": [
        "ppc64"
      ],
      "dev": true,
      "license": "MIT",
      "optional": true,
      "os": [
        "linux"
      ],
      "engines": {
        "node": ">=18"
      }
    },
    "node_modules/@esbuild/linux-riscv64": {
      "version": "0.27.7",
      "resolved": "https://registry.npmjs.org/@esbuild/linux-riscv64/-/linux-riscv64-0.27.7.tgz",
      "integrity": "sha512-hL25LbxO1QOngGzu2U5xeXtxXcW+/GvMN3ejANqXkxZ/opySAZMrc+9LY/WyjAan41unrR3YrmtTsUpwT66InQ==",
      "cpu": [
        "riscv64"
      ],
      "dev": true,
      "license": "MIT",
      "optional": true,
      "os": [
        "linux"
      ],
      "engines": {
        "node": ">=18"
      }
    },
    "node_modules/@esbuild/linux-s390x": {
      "version": "0.27.7",
      "resolved": "https://registry.npmjs.org/@esbuild/linux-s390x/-/linux-s390x-0.27.7.tgz",
      "integrity": "sha512-2k8go8Ycu1Kb46vEelhu1vqEP+UeRVj2zY1pSuPdgvbd5ykAw82Lrro28vXUrRmzEsUV0NzCf54yARIK8r0fdw==",
      "cpu": [
        "s390x"
      ],
      "dev": true,
      "license": "MIT",
      "optional": true,
      "os": [
        "linux"
      ],
      "engines": {
        "node": ">=18"
      }
    },
    "node_modules/@esbuild/linux-x64": {
      "version": "0.27.7",
      "resolved": "https://registry.npmjs.org/@esbuild/linux-x64/-/linux-x64-0.27.7.tgz",
      "integrity": "sha512-hzznmADPt+OmsYzw1EE33ccA+HPdIqiCRq7cQeL1Jlq2gb1+OyWBkMCrYGBJ+sxVzve2ZJEVeePbLM2iEIZSxA==",
      "cpu": [
        "x64"
      ],
      "dev": true,
      "license": "MIT",
      "optional": true,
      "os": [
        "linux"
      ],
      "engines": {
        "node": ">=18"
      }
    },
    "node_modules/@esbuild/netbsd-arm64": {
      "version": "0.27.7",
      "resolved": "https://registry.npmjs.org/@esbuild/netbsd-arm64/-/netbsd-arm64-0.27.7.tgz",
      "integrity": "sha512-b6pqtrQdigZBwZxAn1UpazEisvwaIDvdbMbmrly7cDTMFnw/+3lVxxCTGOrkPVnsYIosJJXAsILG9XcQS+Yu6w==",
      "cpu": [
        "arm64"
      ],
      "dev": true,
      "license": "MIT",
      "optional": true,
      "os": [
        "netbsd"
      ],
      "engines": {
        "node": ">=18"
      }
    },
    "node_modules/@esbuild/netbsd-x64": {
      "version": "0.27.7",
      "resolved": "https://registry.npmjs.org/@esbuild/netbsd-x64/-/netbsd-x64-0.27.7.tgz",
      "integrity": "sha512-OfatkLojr6U+WN5EDYuoQhtM+1xco+/6FSzJJnuWiUw5eVcicbyK3dq5EeV/QHT1uy6GoDhGbFpprUiHUYggrw==",
      "cpu": [
        "x64"
      ],
      "dev": true,
      "license": "MIT",
      "optional": true,
      "os": [
        "netbsd"
      ],
      "engines": {
        "node": ">=18"
      }
    },
    "node_modules/@esbuild/openbsd-arm64": {
      "version": "0.27.7",
      "resolved": "https://registry.npmjs.org/@esbuild/openbsd-arm64/-/openbsd-arm64-0.27.7.tgz",
      "integrity": "sha512-AFuojMQTxAz75Fo8idVcqoQWEHIXFRbOc1TrVcFSgCZtQfSdc1RXgB3tjOn/krRHENUB4j00bfGjyl2mJrU37A==",
      "cpu": [
        "arm64"
      ],
      "dev": true,
      "license": "MIT",
      "optional": true,
      "os": [
        "openbsd"
      ],
      "engines": {
        "node": ">=18"
      }
    },
    "node_modules/@esbuild/openbsd-x64": {
      "version": "0.27.7",
      "resolved": "https://registry.npmjs.org/@esbuild/openbsd-x64/-/openbsd-x64-0.27.7.tgz",
      "integrity": "sha512-+A1NJmfM8WNDv5CLVQYJ5PshuRm/4cI6WMZRg1by1GwPIQPCTs1GLEUHwiiQGT5zDdyLiRM/l1G0Pv54gvtKIg==",
      "cpu": [
        "x64"
      ],
      "dev": true,
      "license": "MIT",
      "optional": true,
      "os": [
        "openbsd"
      ],
      "engines": {
        "node": ">=18"
      }
    },
    "node_modules/@esbuild/openharmony-arm64": {
      "version": "0.27.7",
      "resolved": "https://registry.npmjs.org/@esbuild/openharmony-arm64/-/openharmony-arm64-0.27.7.tgz",
      "integrity": "sha512-+KrvYb/C8zA9CU/g0sR6w2RBw7IGc5J2BPnc3dYc5VJxHCSF1yNMxTV5LQ7GuKteQXZtspjFbiuW5/dOj7H4Yw==",
      "cpu": [
        "arm64"
      ],
      "dev": true,
      "license": "MIT",
      "optional": true,
      "os": [
        "openharmony"
      ],
      "engines": {
        "node": ">=18"
      }
    },
    "node_modules/@esbuild/sunos-x64": {
      "version": "0.27.7",
      "resolved": "https://registry.npmjs.org/@esbuild/sunos-x64/-/sunos-x64-0.27.7.tgz",
      "integrity": "sha512-ikktIhFBzQNt/QDyOL580ti9+5mL/YZeUPKU2ivGtGjdTYoqz6jObj6nOMfhASpS4GU4Q/Clh1QtxWAvcYKamA==",
      "cpu": [
        "x64"
      ],
      "dev": true,
      "license": "MIT",
      "optional": true,
      "os": [
        "sunos"
      ],
      "engines": {
        "node": ">=18"
      }
    },
    "node_modules/@esbuild/win32-arm64": {
      "version": "0.27.7",
      "resolved": "https://registry.npmjs.org/@esbuild/win32-arm64/-/win32-arm64-0.27.7.tgz",
      "integrity": "sha512-7yRhbHvPqSpRUV7Q20VuDwbjW5kIMwTHpptuUzV+AA46kiPze5Z7qgt6CLCK3pWFrHeNfDd1VKgyP4O+ng17CA==",
      "cpu": [
        "arm64"
      ],
      "dev": true,
      "license": "MIT",
      "optional": true,
      "os": [
        "win32"
      ],
      "engines": {
        "node": ">=18"
      }
    },
    "node_modules/@esbuild/win32-ia32": {
      "version": "0.27.7",
      "resolved": "https://registry.npmjs.org/@esbuild/win32-ia32/-/win32-ia32-0.27.7.tgz",
      "integrity": "sha512-SmwKXe6VHIyZYbBLJrhOoCJRB/Z1tckzmgTLfFYOfpMAx63BJEaL9ExI8x7v0oAO3Zh6D/Oi1gVxEYr5oUCFhw==",
      "cpu": [
        "ia32"
      ],
      "dev": true,
      "license": "MIT",
      "optional": true,
      "os": [
        "win32"
      ],
      "engines": {
        "node": ">=18"
      }
    },
    "node_modules/@esbuild/win32-x64": {
      "version": "0.27.7",
      "resolved": "https://registry.npmjs.org/@esbuild/win32-x64/-/win32-x64-0.27.7.tgz",
      "integrity": "sha512-56hiAJPhwQ1R4i+21FVF7V8kSD5zZTdHcVuRFMW0hn753vVfQN8xlx4uOPT4xoGH0Z/oVATuR82AiqSTDIpaHg==",
      "cpu": [
        "x64"
      ],
      "dev": true,
      "license": "MIT",
      "optional": true,
      "os": [
        "win32"
      ],
      "engines": {
        "node": ">=18"
      }
    },
    "node_modules/@types/node": {
      "version": "22.19.17",
      "resolved": "https://registry.npmjs.org/@types/node/-/node-22.19.17.tgz",
      "integrity": "sha512-wGdMcf+vPYM6jikpS/qhg6WiqSV/OhG+jeeHT/KlVqxYfD40iYJf9/AE1uQxVWFvU7MipKRkRv8NSHiCGgPr8Q==",
      "dev": true,
      "license": "MIT",
      "dependencies": {
        "undici-types": "~6.21.0"
      }
    },
    "node_modules/abend": {
      "version": "1.0.11",
      "resolved": "https://registry.npmjs.org/abend/-/abend-1.0.11.tgz",
      "integrity": "sha512-WdxoXvQPrKPz1TV3g20CFFyfZ+mux3xV42++JanQJFW9Zymxft5S9uSmXBpdvghblXD1ul1udzuEWqPxy9rAyQ==",
      "license": "MIT"
    },
    "node_modules/arguable": {
      "version": "5.0.6",
      "resolved": "https://registry.npmjs.org/arguable/-/arguable-5.0.6.tgz",
      "integrity": "sha512-1q7Uei4qWIs0ex6RzEfAC0+Flz7QMi0Zk5dafxaBhSusq3c41KZgyz3pigtGhwwRODF39XlA9QGhMCGqzmqTcw==",
      "license": "MIT",
      "dependencies": {
        "cadence": "1.0.x",
        "interrupt": "5.0.x",
        "rescue": "3.0.x",
        "synonymous": "1.0.x"
      }
    },
    "node_modules/bintrees": {
      "version": "1.0.1",
      "resolved": "https://registry.npmjs.org/bintrees/-/bintrees-1.0.1.tgz",
      "integrity": "sha512-tbaUB1QpTIj4cKY8c1rvNAvEQXA+ekzHmbe4jzNfW3QWsF9GnnP/BRWyl6/qqS53heoYJ93naaFcm/jooONH8g=="
    },
    "node_modules/body-parser": {
      "version": "1.17.1",
      "resolved": "https://registry.npmjs.org/body-parser/-/body-parser-1.17.1.tgz",
      "integrity": "sha512-yMi6cDvaQLniK4bQATEZWYVn52TqcFt5fr8mP5xMI+1S5Kk6ouSF90ncoorYXCjsPLN9ilJ/rAbmpNKfj93gkQ==",
      "license": "MIT",
      "dependencies": {
        "bytes": "2.4.0",
        "content-type": "~1.0.2",
        "debug": "2.6.1",
        "depd": "~1.1.0",
        "http-errors": "~1.6.1",
        "iconv-lite": "0.4.15",
        "on-finished": "~2.3.0",
        "qs": "6.4.0",
        "raw-body": "~2.2.0",
        "type-is": "~1.6.14"
      },
      "engines": {
        "node": ">= 0.8"
      }
    },
    "node_modules/bytes": {
      "version": "2.4.0",
      "resolved": "https://registry.npmjs.org/bytes/-/bytes-2.4.0.tgz",
      "integrity": "sha512-SvUX8+c/Ga454a4fprIdIUzUN9xfd1YTvYh7ub5ZPJ+ZJ/+K2Bp6IpWGmnw8r3caLTsmhvJAKZz3qjIo9+XuCQ==",
      "license": "MIT"
    },
    "node_modules/cadence": {
      "version": "1.0.12",
      "resolved": "https://registry.npmjs.org/cadence/-/cadence-1.0.12.tgz",
      "integrity": "sha512-9YJbhySTUaMBKz3IVcXbpw70K7swnBlD/LFY59zfwZ5U5sHXvZQUCCHSPdENdCKQ4XmN+GpFJrGF/yBZ73jMMw==",
      "license": "MIT"
    },
    "node_modules/chalk": {
      "version": "5.6.2",
      "resolved": "https://registry.npmjs.org/chalk/-/chalk-5.6.2.tgz",
      "integrity": "sha512-7NzBL0rN6fMUW+f7A6Io4h40qQlG+xGmtMxfbnH/K7TAtt8JQWVQK+6g0UXKMeVJoyV5EkkNsErQ8pVD3bLHbA==",
      "license": "MIT",
      "engines": {
        "node": "^12.17.0 || ^14.13 || >=16.0.0"
      },
      "funding": {
        "url": "https://github.com/chalk/chalk?sponsor=1"
      }
    },
    "node_modules/cliffhanger": {
      "version": "1.4.7",
      "resolved": "https://registry.npmjs.org/cliffhanger/-/cliffhanger-1.4.7.tgz",
      "integrity": "sha512-psDpNR2b8WKaJuIphUcdtXVGu6HWuaYptn4BY4VyIzr3OWh2cCV/OCA9Ap9sz2vgdtZZ1lUuD2M1P9hsEM7ndw==",
      "license": "MIT",
      "dependencies": {
        "cadence": "1.0.x",
        "interrupt": "5.0.x",
        "magazine": "3.2.x",
        "monotonic": "3.0.x"
      }
    },
    "node_modules/colleague": {
      "version": "0.5.3",
      "resolved": "https://registry.npmjs.org/colleague/-/colleague-0.5.3.tgz",
      "integrity": "sha512-sTy9TkIvKFIulZ7AxIG9Xy2Rbuf8HKBcT8AjfnskZA4UtfF7Ygy+NcFVcR2WSpaj3x8wl+iilvHYfCISvytfog==",
      "license": "MIT",
      "dependencies": {
        "abend": "1.0.x",
        "cadence": "1.0.x",
        "conduit": "0.7.x",
        "delta": "1.2.x",
        "destructible": "0.9.x",
        "extant": "1.0.1",
        "nop": "1.0.0",
        "procession": "0.4.x",
        "signal": "1.10.x"
      }
    },
    "node_modules/commander": {
      "version": "13.1.0",
      "resolved": "https://registry.npmjs.org/commander/-/commander-13.1.0.tgz",
      "integrity": "sha512-/rFeCpNJQbhSZjGVwO9RFV3xPqbnERS8MmIQzCtD/zl6gpJuV/bMLuN92oG3F7d8oDEHHRrujSXNUr8fpjntKw==",
      "license": "MIT",
      "engines": {
        "node": ">=18"
      }
    },
    "node_modules/conduit": {
      "version": "0.7.4",
      "resolved": "https://registry.npmjs.org/conduit/-/conduit-0.7.4.tgz",
      "integrity": "sha512-4NRu7zfdqLyu18weRoABIuMh4aPZZJ7tpo754kccoAtJ/rpbUMxkBwc60pxpXUhxar7VCiQrUBuwsFj9AgKeaA==",
      "license": "MIT",
      "dependencies": {
        "abend": "1.0.x",
        "cadence": "1.0.x",
        "cliffhanger": "1.4.x",
        "delta": "1.2.x",
        "destructible": "0.9.x",
        "extant": "1.0.x",
        "happenstance": "3.4.x",
        "interrupt": "5.0.x",
        "monotonic": "3.0.x",
        "nascent.jacket": "0.0.x",
        "operation": "1.4.x",
        "procession": "0.4.x",
        "signal": "1.10.x",
        "staccato": "3.0.x",
        "turnstile": "2.5.x"
      }
    },
    "node_modules/conference": {
      "version": "0.6.3",
      "resolved": "https://registry.npmjs.org/conference/-/conference-0.6.3.tgz",
      "integrity": "sha512-a13KWOJRb5daI6kOry9/pLVcuZiGBrw+MRRPKj/5Tt6TFwy2mKsN5c9PoJ9lvvvLQMZ9dnvoeHwNBs2bnHVhvw==",
      "license": "MIT",
      "dependencies": {
        "cadence": "1.0.x",
        "cliffhanger": "1.4.x",
        "conduit": "0.7.x",
        "cubbyhole": "0.0.x",
        "extant": "1.0.x",
        "keyify": "0.0.1",
        "monotonic": "3.0.x",
        "nop": "1.0.0",
        "operation": "1.4.x",
        "procession": "0.4.x",
        "prolific.logger": "3.0.x",
        "rescue": "3.0.x",
        "signal": "1.10.x"
      }
    },
    "node_modules/connect": {
      "version": "3.6.0",
      "resolved": "https://registry.npmjs.org/connect/-/connect-3.6.0.tgz",
      "integrity": "sha512-e1S0XTaw8+lQ4104by6yc3bN17U+GguUw3WCAIxMIsiMeKIG3KcNcXDxPKXoI56ErrQ9/bW0CQ5/Qc6paCTG4A==",
      "license": "MIT",
      "dependencies": {
        "debug": "2.6.1",
        "finalhandler": "1.0.0",
        "parseurl": "~1.3.1",
        "utils-merge": "1.0.0"
      },
      "engines": {
        "node": ">= 0.10.0"
      }
    },
    "node_modules/content-type": {
      "version": "1.0.5",
      "resolved": "https://registry.npmjs.org/content-type/-/content-type-1.0.5.tgz",
      "integrity": "sha512-nTjqfcBFEipKdXCv4YDQWCfmcLZKm81ldF0pAopTvyrFGVbcR6P/VAAd5G7N+0tTr8QqiU0tFadD6FK4NtJwOA==",
      "license": "MIT",
      "engines": {
        "node": ">= 0.6"
      }
    },
    "node_modules/cubbyhole": {
      "version": "0.0.7",
      "resolved": "https://registry.npmjs.org/cubbyhole/-/cubbyhole-0.0.7.tgz",
      "integrity": "sha512-OL82JMKEzXGWNNQLn0aUr2s4ovXCKE7fVZwqyKXaflHY0qEarF1FDONRurDvIGqrUuT5N05IAFHQMJrJV4vnfg==",
      "license": "MIT",
      "dependencies": {
        "cadence": "1.0.x",
        "signal": "3.2.x",
        "vivifyer": "0.0.x"
      }
    },
    "node_modules/cubbyhole/node_modules/operation": {
      "version": "1.6.5",
      "resolved": "https://registry.npmjs.org/operation/-/operation-1.6.5.tgz",
      "integrity": "sha512-d1OqFpA+QBTsRgXli8L/m9hRlQMJoRbRCiOPIYmZWXzYNtOLFzHkD68+dgCxvzctBdLJnE1AOrg3s1YaIlqz1g==",
      "license": "MIT"
    },
    "node_modules/cubbyhole/node_modules/signal": {
      "version": "3.2.3",
      "resolved": "https://registry.npmjs.org/signal/-/signal-3.2.3.tgz",
      "integrity": "sha512-AyW3tx581MBOZjOnJ/6lrOOBeeo7tmn+Hb2Y1Wmb80SZIxs3Zu19MytbLCEoX6kCO1wdPzrjnIIDaqO9+ZZqUg==",
      "license": "MIT",
      "dependencies": {
        "operation": "1.6.x"
      }
    },
    "node_modules/debug": {
      "version": "2.6.1",
      "resolved": "https://registry.npmjs.org/debug/-/debug-2.6.1.tgz",
      "integrity": "sha512-BmFi/QgceF1MztznXEqbZXATlMwzrsfWR9Iahbp4j7vTK+Sel84Mt3SZ/btENs22PSm0bw6NOoZOd2fbOczPRQ==",
      "license": "MIT",
      "dependencies": {
        "ms": "0.7.2"
      }
    },
    "node_modules/delta": {
      "version": "1.2.9",
      "resolved": "https://registry.npmjs.org/delta/-/delta-1.2.9.tgz",
      "integrity": "sha512-/N/I3qJXC/UjSh5C0eU9DkvIQYKr3qkicoAaV15N9CTfixnCgGiiEBbcv5bQuesoUBmDYC9jWQmHCI+6ejbX+A==",
      "license": "MIT"
    },
    "node_modules/depd": {
      "version": "1.1.2",
      "resolved": "https://registry.npmjs.org/depd/-/depd-1.1.2.tgz",
      "integrity": "sha512-7emPTl6Dpo6JRXOXjLRxck+FlLRX5847cLKEn00PLAgc3g2hTZZgr+e4c2v6QpSmLeFP3n5yUo7ft6avBK/5jQ==",
      "license": "MIT",
      "engines": {
        "node": ">= 0.6"
      }
    },
    "node_modules/destructible": {
      "version": "0.9.4",
      "resolved": "https://registry.npmjs.org/destructible/-/destructible-0.9.4.tgz",
      "integrity": "sha512-CDuiBYnOSXlrAKr242p83AM8bZ5PoLXNj+h2/ZwNaZ2ad0X0GYqoqFfzk7ytum1xQxzETxiZU18okhcUfqYntw==",
      "license": "MIT",
      "dependencies": {
        "cadence": "1.0.x",
        "extant": "1.0.x",
        "happenstance": "3.4.x",
        "interrupt": "5.0.x",
        "keyify": "0.0.x",
        "monotonic": "3.0.x",
        "nop": "1.0.0",
        "operation": "1.4.x",
        "procession": "0.4.x",
        "signal": "1.10.x"
      }
    },
    "node_modules/dispatch": {
      "version": "1.0.1",
      "resolved": "https://registry.npmjs.org/dispatch/-/dispatch-1.0.1.tgz",
      "integrity": "sha512-H/n4MSZKF7NUdq/ILlMqvhVbwqGCR/5q8fTNRlwOTDexYmnj2GqjRospZoPWa6a66igEJms+SjEdKgsQMX/YEA=="
    },
    "node_modules/ee-first": {
      "version": "1.1.1",
      "resolved": "https://registry.npmjs.org/ee-first/-/ee-first-1.1.1.tgz",
      "integrity": "sha512-WMwm9LhRUo+WUaRN+vRuETqG89IgZphVSNkdFgeb6sS/E4OrDIN7t48CAewSHXc6C8lefD8KKfr5vY61brQlow==",
      "license": "MIT"
    },
    "node_modules/encodeurl": {
      "version": "1.0.2",
      "resolved": "https://registry.npmjs.org/encodeurl/-/encodeurl-1.0.2.tgz",
      "integrity": "sha512-TPJXq8JqFaVYm2CWmPvnP2Iyo4ZSM7/QKcSmuMLDObfpH5fi7RUGmd/rTDf+rut/saiDiQEeVTNgAmJEdAOx0w==",
      "license": "MIT",
      "engines": {
        "node": ">= 0.8"
      }
    },
    "node_modules/esbuild": {
      "version": "0.27.7",
      "resolved": "https://registry.npmjs.org/esbuild/-/esbuild-0.27.7.tgz",
      "integrity": "sha512-IxpibTjyVnmrIQo5aqNpCgoACA/dTKLTlhMHihVHhdkxKyPO1uBBthumT0rdHmcsk9uMonIWS0m4FljWzILh3w==",
      "dev": true,
      "hasInstallScript": true,
      "license": "MIT",
      "bin": {
        "esbuild": "bin/esbuild"
      },
      "engines": {
        "node": ">=18"
      },
      "optionalDependencies": {
        "@esbuild/aix-ppc64": "0.27.7",
        "@esbuild/android-arm": "0.27.7",
        "@esbuild/android-arm64": "0.27.7",
        "@esbuild/android-x64": "0.27.7",
        "@esbuild/darwin-arm64": "0.27.7",
        "@esbuild/darwin-x64": "0.27.7",
        "@esbuild/freebsd-arm64": "0.27.7",
        "@esbuild/freebsd-x64": "0.27.7",
        "@esbuild/linux-arm": "0.27.7",
        "@esbuild/linux-arm64": "0.27.7",
        "@esbuild/linux-ia32": "0.27.7",
        "@esbuild/linux-loong64": "0.27.7",
        "@esbuild/linux-mips64el": "0.27.7",
        "@esbuild/linux-ppc64": "0.27.7",
        "@esbuild/linux-riscv64": "0.27.7",
        "@esbuild/linux-s390x": "0.27.7",
        "@esbuild/linux-x64": "0.27.7",
        "@esbuild/netbsd-arm64": "0.27.7",
        "@esbuild/netbsd-x64": "0.27.7",
        "@esbuild/openbsd-arm64": "0.27.7",
        "@esbuild/openbsd-x64": "0.27.7",
        "@esbuild/openharmony-arm64": "0.27.7",
        "@esbuild/sunos-x64": "0.27.7",
        "@esbuild/win32-arm64": "0.27.7",
        "@esbuild/win32-ia32": "0.27.7",
        "@esbuild/win32-x64": "0.27.7"
      }
    },
    "node_modules/escape-html": {
      "version": "1.0.3",
      "resolved": "https://registry.npmjs.org/escape-html/-/escape-html-1.0.3.tgz",
      "integrity": "sha512-NiSupZ4OeuGwr68lGIeym/ksIZMJodUGOSCZ/FSnTxcrekbvqrgdUxlJOMpijaKZVjAJrWrGs/6Jy8OMuyj9ow==",
      "license": "MIT"
    },
    "node_modules/express-auth-parser": {
      "version": "0.1.2",
      "resolved": "https://registry.npmjs.org/express-auth-parser/-/express-auth-parser-0.1.2.tgz",
      "integrity": "sha512-brEaCxm1xjKtB7lknON4R6MZh5adv8d6YyRAbvwPA/PIOZHjWiAuozGlWk3UPM3uYFxhAedRDNVI/y+gT9jnGQ==",
      "license": "MIT"
    },
    "node_modules/extant": {
      "version": "1.0.1",
      "resolved": "https://registry.npmjs.org/extant/-/extant-1.0.1.tgz",
      "integrity": "sha512-fmTn+j5gCW36ALehn6WjtOsDgnsAq4xyTdjKkH3uO4v/BxCRsSo3/xumch8x4KxloAdtnG7eUh2ccBkFh8c6xw==",
      "license": "MIT"
    },
    "node_modules/finalhandler": {
      "version": "1.0.0",
      "resolved": "https://registry.npmjs.org/finalhandler/-/finalhandler-1.0.0.tgz",
      "integrity": "sha512-vqD6y4OKWX0ColC1GxaH6HiIYIZouvOdlvBjY/P4t7GreZHRuK1HkzW26zx3OtZ0PV5j4yNYQgrqBdrY+suCIw==",
      "license": "MIT",
      "dependencies": {
        "debug": "2.6.1",
        "encodeurl": "~1.0.1",
        "escape-html": "~1.0.3",
        "on-finished": "~2.3.0",
        "parseurl": "~1.3.1",
        "statuses": "~1.3.1",
        "unpipe": "~1.0.0"
      },
      "engines": {
        "node": ">= 0.8"
      }
    },
    "node_modules/fsevents": {
      "version": "2.3.3",
      "resolved": "https://registry.npmjs.org/fsevents/-/fsevents-2.3.3.tgz",
      "integrity": "sha512-5xoDfX+fL7faATnagmWPpbFtwh/R77WmMMqqHGS65C3vvB0YHrgF+B1YmZ3441tMj5n63k0212XNoJwzlhffQw==",
      "dev": true,
      "hasInstallScript": true,
      "license": "MIT",
      "optional": true,
      "os": [
        "darwin"
      ],
      "engines": {
        "node": "^8.16.0 || ^10.6.0 || >=11.0.0"
      }
    },
    "node_modules/get-tsconfig": {
      "version": "4.13.7",
      "resolved": "https://registry.npmjs.org/get-tsconfig/-/get-tsconfig-4.13.7.tgz",
      "integrity": "sha512-7tN6rFgBlMgpBML5j8typ92BKFi2sFQvIdpAqLA2beia5avZDrMs0FLZiM5etShWq5irVyGcGMEA1jcDaK7A/Q==",
      "dev": true,
      "license": "MIT",
      "dependencies": {
        "resolve-pkg-maps": "^1.0.0"
      },
      "funding": {
        "url": "https://github.com/privatenumber/get-tsconfig?sponsor=1"
      }
    },
    "node_modules/happenstance": {
      "version": "3.4.1",
      "resolved": "https://registry.npmjs.org/happenstance/-/happenstance-3.4.1.tgz",
      "integrity": "sha512-gRRihyLv3Mu6pKQbpWoUIVBOgr7JnuOta4qEIwzKeYhi/AZeYi37L9euS6IuAT65jwpO9DdLL7Krbs0hk2WzoQ==",
      "license": "MIT",
      "dependencies": {
        "bintrees": "1.0.1",
        "operation": "1.4.x",
        "procession": "0.4.x"
      }
    },
    "node_modules/hash.fnv": {
      "version": "1.0.10",
      "resolved": "https://registry.npmjs.org/hash.fnv/-/hash.fnv-1.0.10.tgz",
      "integrity": "sha512-0axhFf1FOVd4p7gCWXjIh+iHYhOUkUzjaFnXiVX6Ob7h0bnMDfkYIXCp/KlStyV4lJwq63pSyj96iZnnXBo+Mw==",
      "license": "MIT"
    },
    "node_modules/http-errors": {
      "version": "1.6.3",
      "resolved": "https://registry.npmjs.org/http-errors/-/http-errors-1.6.3.tgz",
      "integrity": "sha512-lks+lVC8dgGyh97jxvxeYTWQFvh4uw4yC12gVl63Cg30sjPX4wuGcdkICVXDAESr6OJGjqGA8Iz5mkeN6zlD7A==",
      "license": "MIT",
      "dependencies": {
        "depd": "~1.1.2",
        "inherits": "2.0.3",
        "setprototypeof": "1.1.0",
        "statuses": ">= 1.4.0 < 2"
      },
      "engines": {
        "node": ">= 0.6"
      }
    },
    "node_modules/http-errors/node_modules/statuses": {
      "version": "1.5.0",
      "resolved": "https://registry.npmjs.org/statuses/-/statuses-1.5.0.tgz",
      "integrity": "sha512-OpZ3zP+jT1PI7I8nemJX4AKmAX070ZkYPVWV/AaKTJl+tXCTGyVdC1a4SL8RUQYEwk/f34ZX8UTykN68FwrqAA==",
      "license": "MIT",
      "engines": {
        "node": ">= 0.6"
      }
    },
    "node_modules/iconv-lite": {
      "version": "0.4.15",
      "resolved": "https://registry.npmjs.org/iconv-lite/-/iconv-lite-0.4.15.tgz",
      "integrity": "sha512-RGR+c9Lm+tLsvU57FTJJtdbv2hQw42Yl2n26tVIBaYmZzLN+EGfroUugN/z9nJf9kOXd49hBmpoGr4FEm+A4pw==",
      "license": "MIT",
      "engines": {
        "node": ">=0.10.0"
      }
    },
    "node_modules/inherits": {
      "version": "2.0.3",
      "resolved": "https://registry.npmjs.org/inherits/-/inherits-2.0.3.tgz",
      "integrity": "sha512-x00IRNXNy63jwGkJmzPigoySHbaqpNuzKbBOmzK+g2OdZpQ9w+sxCN+VSB3ja7IAge2OP2qpfxTjeNcyjmW1uw==",
      "license": "ISC"
    },
    "node_modules/interrupt": {
      "version": "5.0.7",
      "resolved": "https://registry.npmjs.org/interrupt/-/interrupt-5.0.7.tgz",
      "integrity": "sha512-j562pj5z2FjVPTdC+99pq0d3/jpZw115MxNYMctKK9wckgGj2T9dxB31mSA2B6H3xHwZZtmYl3i98by/hi9WfA==",
      "license": "MIT"
    },
    "node_modules/keyify": {
      "version": "0.0.1",
      "resolved": "https://registry.npmjs.org/keyify/-/keyify-0.0.1.tgz",
      "integrity": "sha512-xjIBXcTHAhrezHM4OyLjVg8QU/BksyyRO+hcM7JNcUr3sqX66eFfup6de4oB1swu+V9PJYsUmoX8adqDml75PA==",
      "license": "MIT"
    },
    "node_modules/magazine": {
      "version": "3.2.4",
      "resolved": "https://registry.npmjs.org/magazine/-/magazine-3.2.4.tgz",
      "integrity": "sha512-7GXC6oRmuXqjIzpzkVMDDIBMBil/gfjsKK/USpBfh8GKoLwk6MGzQMOwHxdjWXD0Khq21W2qN/FIDmvjUVI4pQ==",
      "license": "MIT"
    },
    "node_modules/media-typer": {
      "version": "0.3.0",
      "resolved": "https://registry.npmjs.org/media-typer/-/media-typer-0.3.0.tgz",
      "integrity": "sha512-dq+qelQ9akHpcOl/gUVRTxVIOkAJ1wR3QAvb4RsVjS8oVoFjDGTc679wJYmUmknUF5HwMLOgb5O+a3KxfWapPQ==",
      "license": "MIT",
      "engines": {
        "node": ">= 0.6"
      }
    },
    "node_modules/memento": {
      "version": "0.0.8",
      "resolved": "https://registry.npmjs.org/memento/-/memento-0.0.8.tgz",
      "integrity": "sha512-OMB8Vj8svyoSZlre/tF5Wh9e9wEW9q/zI62Tn2wr51BEcy1+zxKJpwhIAK52ejgEuyzeQbYFxGXanA3W0yCX0Q==",
      "license": "MIT",
      "dependencies": {
        "abend": "1.0.x",
        "arguable": "5.0.x",
        "cadence": "1.0.x",
        "colleague": "0.5.x",
        "conference": "0.6.x",
        "cubbyhole": "0.0.x",
        "destructible": "0.9.x",
        "prolific.logger": "3.0.x",
        "prolific.shuttle": "9.0.x",
        "reactor": "4.6.x",
        "server-destroy": "1.0.1"
      }
    },
    "node_modules/mime-db": {
      "version": "1.52.0",
      "resolved": "https://registry.npmjs.org/mime-db/-/mime-db-1.52.0.tgz",
      "integrity": "sha512-sPU4uV7dYlvtWJxwwxHD0PuihVNiE7TyAbQ5SWxDCB9mUYvOgroQOwYQQOKPJ8CIbE+1ETVlOoK1UC2nU3gYvg==",
      "license": "MIT",
      "engines": {
        "node": ">= 0.6"
      }
    },
    "node_modules/mime-types": {
      "version": "2.1.35",
      "resolved": "https://registry.npmjs.org/mime-types/-/mime-types-2.1.35.tgz",
      "integrity": "sha512-ZDY+bPm5zTTF+YpCrAU9nK0UgICYPT0QtT1NZWFv4s++TNkcgVaT0g6+4R2uI4MjQjzysHB1zxuWL50hzaeXiw==",
      "license": "MIT",
      "dependencies": {
        "mime-db": "1.52.0"
      },
      "engines": {
        "node": ">= 0.6"
      }
    },
    "node_modules/monotonic": {
      "version": "3.0.9",
      "resolved": "https://registry.npmjs.org/monotonic/-/monotonic-3.0.9.tgz",
      "integrity": "sha512-6VORie0GSb5Wld7D/pjATSCeSZWevQgHggZ/ZKaWs3M9RuO3z6S8XU+VXPWDIR8Ukvz2HUBM4Y+Jpze2h0YUHg==",
      "license": "MIT"
    },
    "node_modules/ms": {
      "version": "0.7.2",
      "resolved": "https://registry.npmjs.org/ms/-/ms-0.7.2.tgz",
      "integrity": "sha512-5NnE67nQSQDJHVahPJna1PQ/zCXMnQop3yUCxjKPNzCxuyPSKWTQ/5Gu5CZmjetwGLWRA+PzeF5thlbOdbQldA==",
      "license": "MIT"
    },
    "node_modules/nascent.jacket": {
      "version": "0.0.8",
      "resolved": "https://registry.npmjs.org/nascent.jacket/-/nascent.jacket-0.0.8.tgz",
      "integrity": "sha512-ufdczjXL2MLxLE35OrBrPWcSh+abjv0S4nk/SVPX+b9DOZ5NQ1vZLfCQyCj42Kml/Nlu+5flECWr0p2lbUkuWw==",
      "license": "MIT"
    },
    "node_modules/nop": {
      "version": "1.0.0",
      "resolved": "https://registry.npmjs.org/nop/-/nop-1.0.0.tgz",
      "integrity": "sha512-XdkOuXGx0DTwlqb0DWTcDqelgU/F3YyZ+PTRaecpDVpkYskcnh3OeUYKfvjcRQ2D1diTIGxi/a3eHVjW5yPupQ==",
      "license": "MIT"
    },
    "node_modules/on-finished": {
      "version": "2.3.0",
      "resolved": "https://registry.npmjs.org/on-finished/-/on-finished-2.3.0.tgz",
      "integrity": "sha512-ikqdkGAAyf/X/gPhXGvfgAytDZtDbr+bkNUJ0N9h5MI/dmdgCs3l6hoHrcUv41sRKew3jIwrp4qQDXiK99Utww==",
      "license": "MIT",
      "dependencies": {
        "ee-first": "1.1.1"
      },
      "engines": {
        "node": ">= 0.8"
      }
    },
    "node_modules/operation": {
      "version": "1.4.0",
      "resolved": "https://registry.npmjs.org/operation/-/operation-1.4.0.tgz",
      "integrity": "sha512-kheobvGCuM4XHAycZWCZoQVoNAeSYz++tzGHzgEUACek1RJdJJML40hxx+/HUbr/6MAwRi7hxKmmLPH5gnA83g==",
      "license": "MIT"
    },
    "node_modules/parseurl": {
      "version": "1.3.3",
      "resolved": "https://registry.npmjs.org/parseurl/-/parseurl-1.3.3.tgz",
      "integrity": "sha512-CiyeOxFT/JZyN5m0z9PfXw4SCBJ6Sygz1Dpl0wqjlhDEGGBP1GnsUVEL0p63hoG1fcj3fHynXi9NYO4nWOL+qQ==",
      "license": "MIT",
      "engines": {
        "node": ">= 0.8"
      }
    },
    "node_modules/procession": {
      "version": "0.4.0",
      "resolved": "https://registry.npmjs.org/procession/-/procession-0.4.0.tgz",
      "integrity": "sha512-CCGirBGYBmLWecTkHQReKofQXT1fZUkKNHhJY9BkmyA2FaPN4GADuDWakuyNp7tr8//mRrGS/yGgXf6BHSQdug==",
      "license": "MIT",
      "dependencies": {
        "abend": "1.0.x",
        "bintrees": "1.0.1",
        "cadence": "1.0.x",
        "extant": "1.0.1",
        "interrupt": "5.0.x",
        "nop": "1.0.0",
        "operation": "1.4.x",
        "signal": "1.10.x"
      }
    },
    "node_modules/prolific.chunk": {
      "version": "1.0.4",
      "resolved": "https://registry.npmjs.org/prolific.chunk/-/prolific.chunk-1.0.4.tgz",
      "integrity": "sha512-9Op1r2zoheGC2eKp0G8pZBCw7NcVN5floGsGXWdRMKAoyZClIdsPy6VknfrBOqBH/E4R+4jxrAXBpsMolVR6TA==",
      "license": "MIT",
      "dependencies": {
        "hash.fnv": "1.0.x"
      }
    },
    "node_modules/prolific.logger": {
      "version": "3.0.1",
      "resolved": "https://registry.npmjs.org/prolific.logger/-/prolific.logger-3.0.1.tgz",
      "integrity": "sha512-iWY26nzPbVFqbOY1rooQwXQPvIZakxe98mPUYPDUokpBJI464KvB5uP0zF5X1oZ7fMkbLndZE7STlAa0UOsrfA==",
      "license": "MIT",
      "dependencies": {
        "prolific.resolver": "5.0.x"
      }
    },
    "node_modules/prolific.queue": {
      "version": "9.0.2",
      "resolved": "https://registry.npmjs.org/prolific.queue/-/prolific.queue-9.0.2.tgz",
      "integrity": "sha512-J0zxJIOyT/vlwN30VtWe3G9nDiEtX4cPtQboYQyHe8WojeFAFw2RfjhyxnIArncssvSRqSxgRjHf6fQ3cuT1rw==",
      "license": "MIT",
      "dependencies": {
        "abend": "1.0.x",
        "cadence": "1.0.x",
        "prolific.chunk": "1.0.x",
        "rescue": "3.0.x"
      }
    },
    "node_modules/prolific.resolver": {
      "version": "5.0.4",
      "resolved": "https://registry.npmjs.org/prolific.resolver/-/prolific.resolver-5.0.4.tgz",
      "integrity": "sha512-eOrzuBh1kXESR4PlepYbo0AqR6YOsuc4shId9XzUhx47xJjnU9L3eixbAYjs2unqwcVaPHMU4N1030PDSR9W7A==",
      "license": "MIT",
      "dependencies": {
        "prolific.sink": "3.0.x"
      }
    },
    "node_modules/prolific.shuttle": {
      "version": "9.0.3",
      "resolved": "https://registry.npmjs.org/prolific.shuttle/-/prolific.shuttle-9.0.3.tgz",
      "integrity": "sha512-HDKt6zFqyHhfXt9IDOZ6VRia4vXhFh+T2pgNxbKovRGJO3yffD4E284le1N1GpOV2tAHJb1L1fmrFLizPrdS5A==",
      "license": "MIT",
      "dependencies": {
        "abend": "1.0.x",
        "prolific.queue": "9.0.x",
        "prolific.sink": "3.0.x"
      }
    },
    "node_modules/prolific.sink": {
      "version": "3.0.4",
      "resolved": "https://registry.npmjs.org/prolific.sink/-/prolific.sink-3.0.4.tgz",
      "integrity": "sha512-tLxgQ1VLS4iR3bdqZ7vIq/krDbHhEx+1JdPjZpViDhTvFSgmQ8w83215vWOzroytlFPLkJcT7Et9OHhNCdcgzg==",
      "license": "MIT",
      "dependencies": {
        "supersede": "1.0.x"
      }
    },
    "node_modules/qs": {
      "version": "6.4.0",
      "resolved": "https://registry.npmjs.org/qs/-/qs-6.4.0.tgz",
      "integrity": "sha512-Qs6dfgR5OksK/PSxl1kGxiZgEQe8RqJMB9wZqVlKQfU+zzV+HY77pWJnoJENACKDQByWdpr8ZPIh1TBi4lpiSQ==",
      "license": "BSD-3-Clause",
      "engines": {
        "node": ">=0.6"
      }
    },
    "node_modules/raw-body": {
      "version": "2.2.0",
      "resolved": "https://registry.npmjs.org/raw-body/-/raw-body-2.2.0.tgz",
      "integrity": "sha512-C6xnwM0GY3tP6cwSzBTjPIW/PgxwxxHAyDoO4q4Ajyf80TyU2e5IsMwumoJf5WXiAVG77u2SDEFUM/9T+9oC0g==",
      "license": "MIT",
      "dependencies": {
        "bytes": "2.4.0",
        "iconv-lite": "0.4.15",
        "unpipe": "1.0.0"
      },
      "engines": {
        "node": ">= 0.8"
      }
    },
    "node_modules/reactor": {
      "version": "4.6.0",
      "resolved": "https://registry.npmjs.org/reactor/-/reactor-4.6.0.tgz",
      "integrity": "sha512-wibgTcMDnn48aPFqE8r7Kwloigkew5vX+lp2xTXPoGCSo4uxYaWHAOzZ86QmJSzCrQ+3e5oDpLW0TOpCqihYMw==",
      "license": "MIT",
      "dependencies": {
        "body-parser": "1.17.1",
        "cadence": "1.0.x",
        "connect": "3.6.0",
        "delta": "1.2.x",
        "dispatch": "1.0.1",
        "express-auth-parser": "0.1.2",
        "extant": "1.0.x",
        "interrupt": "5.0.x",
        "magazine": "3.0.x",
        "nop": "1.0.x",
        "operation": "1.4.x",
        "rescue": "3.0.x",
        "turnstile": "2.5.x"
      }
    },
    "node_modules/reactor/node_modules/magazine": {
      "version": "3.0.1",
      "resolved": "https://registry.npmjs.org/magazine/-/magazine-3.0.1.tgz",
      "integrity": "sha512-Sdmw/B5uIC3Pj3UW/lZKdJMXyQgJGBhh+sayFKy6MwJKQRqdvdSwBkP3fHJ5nu0wy+IxMxj0tHWQm5ZPhVGM/w==",
      "license": "MIT"
    },
    "node_modules/rescue": {
      "version": "3.0.0",
      "resolved": "https://registry.npmjs.org/rescue/-/rescue-3.0.0.tgz",
      "integrity": "sha512-ZIgOwnNCofKok9LqxkBTSvmPhmkHph1la0E8HznumF9xNquL2g82nzRi34MSJN4ZppF/3o4pIU7RNYUCOjzfqw==",
      "license": "MIT"
    },
    "node_modules/resolve-pkg-maps": {
      "version": "1.0.0",
      "resolved": "https://registry.npmjs.org/resolve-pkg-maps/-/resolve-pkg-maps-1.0.0.tgz",
      "integrity": "sha512-seS2Tj26TBVOC2NIc2rOe2y2ZO7efxITtLZcGSOnHHNOQ7CkiUBfw0Iw2ck6xkIhPwLhKNLS8BO+hEpngQlqzw==",
      "dev": true,
      "license": "MIT",
      "funding": {
        "url": "https://github.com/privatenumber/resolve-pkg-maps?sponsor=1"
      }
    },
    "node_modules/server-destroy": {
      "version": "1.0.1",
      "resolved": "https://registry.npmjs.org/server-destroy/-/server-destroy-1.0.1.tgz",
      "integrity": "sha512-rb+9B5YBIEzYcD6x2VKidaa+cqYBJQKnU4oe4E3ANwRRN56yk/ua1YCJT1n21NTS8w6CcOclAKNP3PhdCXKYtQ==",
      "license": "ISC"
    },
    "node_modules/setprototypeof": {
      "version": "1.1.0",
      "resolved": "https://registry.npmjs.org/setprototypeof/-/setprototypeof-1.1.0.tgz",
      "integrity": "sha512-BvE/TwpZX4FXExxOxZyRGQQv651MSwmWKZGqvmPcRIjDqWub67kTKuIMx43cZZrS/cBBzwBcNDWoFxt2XEFIpQ==",
      "license": "ISC"
    },
    "node_modules/signal": {
      "version": "1.10.3",
      "resolved": "https://registry.npmjs.org/signal/-/signal-1.10.3.tgz",
      "integrity": "sha512-lgBTDb6+u7BHGyLKEi8EOrXRKLybKBNY2FHVHZTPdL1cO92ODA+0vRL1/oW8rnOiimlivYWp2OB7/jnOi7Yh4w==",
      "license": "MIT",
      "dependencies": {
        "operation": "1.6.x"
      }
    },
    "node_modules/signal/node_modules/operation": {
      "version": "1.6.5",
      "resolved": "https://registry.npmjs.org/operation/-/operation-1.6.5.tgz",
      "integrity": "sha512-d1OqFpA+QBTsRgXli8L/m9hRlQMJoRbRCiOPIYmZWXzYNtOLFzHkD68+dgCxvzctBdLJnE1AOrg3s1YaIlqz1g==",
      "license": "MIT"
    },
    "node_modules/sprintf-js": {
      "version": "1.1.2",
      "resolved": "https://registry.npmjs.org/sprintf-js/-/sprintf-js-1.1.2.tgz",
      "integrity": "sha512-VE0SOVEHCk7Qc8ulkWw3ntAzXuqf7S2lvwQaDLRnUeIEaKNQJzV6BwmLKhOqT61aGhfUMrXeaBk+oDGCzvhcug==",
      "license": "BSD-3-Clause"
    },
    "node_modules/staccato": {
      "version": "3.0.9",
      "resolved": "https://registry.npmjs.org/staccato/-/staccato-3.0.9.tgz",
      "integrity": "sha512-qKEACVB0UQjvJEOQReUhiSaTZBsNvolCy+dHLlUMwRLOBkXqKNbYm9a1nwMPm/QTe23VO44JzAwizBQ7xUQ94g==",
      "license": "MIT",
      "dependencies": {
        "cadence": "1.0.x",
        "delta": "1.2.0",
        "destructible": "0.8.x",
        "interrupt": "5.0.x"
      }
    },
    "node_modules/staccato/node_modules/delta": {
      "version": "1.2.0",
      "resolved": "https://registry.npmjs.org/delta/-/delta-1.2.0.tgz",
      "integrity": "sha512-y6i+C9NK6G4deHkeNJ0Y9HozrFGdZha7v9vAr1pRca6DJY6RmJd0RVVre50+dGvYLzgqkujmPu7t/eARrlnwFw==",
      "license": "MIT"
    },
    "node_modules/staccato/node_modules/destructible": {
      "version": "0.8.0",
      "resolved": "https://registry.npmjs.org/destructible/-/destructible-0.8.0.tgz",
      "integrity": "sha512-LSbLnj/jdqRKCzBJxV+4v04RTIFWgrdfkbKDrLPGqU32yj77e/hFKdNTDt6nfzEXlNvB6CIcmhcgnS+A5CjaUQ==",
      "license": "MIT",
      "dependencies": {
        "cadence": "1.0.x",
        "extant": "1.0.x",
        "happenstance": "3.4.x",
        "interrupt": "5.0.x",
        "keyify": "0.0.x",
        "monotonic": "3.0.x",
        "nop": "1.0.0",
        "operation": "1.4.x",
        "procession": "0.4.x",
        "signal": "1.10.x"
      }
    },
    "node_modules/statuses": {
      "version": "1.3.1",
      "resolved": "https://registry.npmjs.org/statuses/-/statuses-1.3.1.tgz",
      "integrity": "sha512-wuTCPGlJONk/a1kqZ4fQM2+908lC7fa7nPYpTC1EhnvqLX/IICbeP1OZGDtA374trpSq68YubKUMo8oRhN46yg==",
      "license": "MIT",
      "engines": {
        "node": ">= 0.6"
      }
    },
    "node_modules/supersede": {
      "version": "1.0.6",
      "resolved": "https://registry.npmjs.org/supersede/-/supersede-1.0.6.tgz",
      "integrity": "sha512-68MKSJ+nGtjpQS7ckOvFiCydPY+2sz6iXmC3+/BkCqnaA/UtGOkcY2H5WOKZF9Xo5GUU+LK9ZfSzXVOre9H0rQ==",
      "license": "MIT"
    },
    "node_modules/synonymous": {
      "version": "1.0.25",
      "resolved": "https://registry.npmjs.org/synonymous/-/synonymous-1.0.25.tgz",
      "integrity": "sha512-GTJx+wX3FLTLMIP1evjpnwuh70/BUq8XGBxrFMLbmWK88dW4Y//beeRA+NRI4uXM65x3u05BPycMcu5JDkDrdQ==",
      "license": "MIT",
      "dependencies": {
        "sprintf-js": "1.1.2"
      }
    },
    "node_modules/tsx": {
      "version": "4.21.0",
      "resolved": "https://registry.npmjs.org/tsx/-/tsx-4.21.0.tgz",
      "integrity": "sha512-5C1sg4USs1lfG0GFb2RLXsdpXqBSEhAaA/0kPL01wxzpMqLILNxIxIOKiILz+cdg/pLnOUxFYOR5yhHU666wbw==",
      "dev": true,
      "license": "MIT",
      "dependencies": {
        "esbuild": "~0.27.0",
        "get-tsconfig": "^4.7.5"
      },
      "bin": {
        "tsx": "dist/cli.mjs"
      },
      "engines": {
        "node": ">=18.0.0"
      },
      "optionalDependencies": {
        "fsevents": "~2.3.3"
      }
    },
    "node_modules/turnstile": {
      "version": "2.5.3",
      "resolved": "https://registry.npmjs.org/turnstile/-/turnstile-2.5.3.tgz",
      "integrity": "sha512-KBz+yoa0MeQdbQqy17WUnnKo77VS9sZWPsrbhRfT5Eddn9eX9DvxiSZg+w2eLYZ7Wfq1XVVaKrSgl9pW4Zc9PA==",
      "license": "MIT",
      "dependencies": {
        "abend": "1.0.x",
        "cadence": "1.0.x",
        "extant": "1.0.x",
        "operation": "1.4.x"
      }
    },
    "node_modules/type-is": {
      "version": "1.6.18",
      "resolved": "https://registry.npmjs.org/type-is/-/type-is-1.6.18.tgz",
      "integrity": "sha512-TkRKr9sUTxEH8MdfuCSP7VizJyzRNMjj2J2do2Jr3Kym598JVdEksuzPQCnlFPW4ky9Q+iA+ma9BGm06XQBy8g==",
      "license": "MIT",
      "dependencies": {
        "media-typer": "0.3.0",
        "mime-types": "~2.1.24"
      },
      "engines": {
        "node": ">= 0.6"
      }
    },
    "node_modules/typescript": {
      "version": "5.9.3",
      "resolved": "https://registry.npmjs.org/typescript/-/typescript-5.9.3.tgz",
      "integrity": "sha512-jl1vZzPDinLr9eUt3J/t7V6FgNEw9QjvBPdysz9KfQDD41fQrC2Y4vKQdiaUpFT4bXlb1RHhLpp8wtm6M5TgSw==",
      "dev": true,
      "license": "Apache-2.0",
      "bin": {
        "tsc": "bin/tsc",
        "tsserver": "bin/tsserver"
      },
      "engines": {
        "node": ">=14.17"
      }
    },
    "node_modules/undici-types": {
      "version": "6.21.0",
      "resolved": "https://registry.npmjs.org/undici-types/-/undici-types-6.21.0.tgz",
      "integrity": "sha512-iwDZqg0QAGrg9Rav5H4n0M64c3mkR59cJ6wQp+7C4nI0gsmExaedaYLNO44eT4AtBBwjbTiGPMlt2Md0T9H9JQ==",
      "dev": true,
      "license": "MIT"
    },
    "node_modules/unpipe": {
      "version": "1.0.0",
      "resolved": "https://registry.npmjs.org/unpipe/-/unpipe-1.0.0.tgz",
      "integrity": "sha512-pjy2bYhSsufwWlKwPc+l3cN7+wuJlK6uz0YdJEOlQDbl6jo/YlPi4mb8agUkVC8BF7V8NuzeyPNqRksA3hztKQ==",
      "license": "MIT",
      "engines": {
        "node": ">= 0.8"
      }
    },
    "node_modules/utils-merge": {
      "version": "1.0.0",
      "resolved": "https://registry.npmjs.org/utils-merge/-/utils-merge-1.0.0.tgz",
      "integrity": "sha512-HwU9SLQEtyo+0uoKXd1nkLqigUWLB+QuNQR4OcmB73eWqksM5ovuqcycks2x043W8XVb75rG1HQ0h93TMXkzQQ==",
      "engines": {
        "node": ">= 0.4.0"
      }
    },
    "node_modules/vivifyer": {
      "version": "0.0.7",
      "resolved": "https://registry.npmjs.org/vivifyer/-/vivifyer-0.0.7.tgz",
      "integrity": "sha512-wd0MZ96rfhAoZOIKQkBQQZI7SKddILSBMePNFwyMtRdlWfm4tNEVI+mJepCeOm4aMkAPE2TwZe+6IvxWh/iKUg==",
      "license": "MIT"
    }
  }
}
